// !$*UTF8*$!
{
	archiveVersion = 1;
	classes = {
	};
	objectVersion = 46;
	objects = {

/* Begin PBXBuildFile section */
		7E410D9F1C2B021600E0E0D4 /* AppDelegate.swift in Sources */ = {isa = PBXBuildFile; fileRef = 7E410D9E1C2B021600E0E0D4 /* AppDelegate.swift */; };
		7E410DA61C2B021600E0E0D4 /* Assets.xcassets in Resources */ = {isa = PBXBuildFile; fileRef = 7E410DA51C2B021600E0E0D4 /* Assets.xcassets */; };
		7E410DA91C2B021600E0E0D4 /* LaunchScreen.storyboard in Resources */ = {isa = PBXBuildFile; fileRef = 7E410DA71C2B021600E0E0D4 /* LaunchScreen.storyboard */; };
		7E410DB41C2B021600E0E0D4 /* TravisTestTests.swift in Sources */ = {isa = PBXBuildFile; fileRef = 7E410DB31C2B021600E0E0D4 /* TravisTestTests.swift */; };
		7E410DC01C2B032900E0E0D4 /* EventsViewController.swift in Sources */ = {isa = PBXBuildFile; fileRef = 7E410DBE1C2B032900E0E0D4 /* EventsViewController.swift */; };
		7E410DC11C2B032900E0E0D4 /* EventsViewController.xib in Resources */ = {isa = PBXBuildFile; fileRef = 7E410DBF1C2B032900E0E0D4 /* EventsViewController.xib */; };
		7E410DC41C2B05F800E0E0D4 /* EventCell.swift in Sources */ = {isa = PBXBuildFile; fileRef = 7E410DC21C2B05F800E0E0D4 /* EventCell.swift */; };
		7E410DC51C2B05F800E0E0D4 /* EventCell.xib in Resources */ = {isa = PBXBuildFile; fileRef = 7E410DC31C2B05F800E0E0D4 /* EventCell.xib */; };
		7E5475EF1C2B07B800DDBFFC /* EventDetailViewController.swift in Sources */ = {isa = PBXBuildFile; fileRef = 7E5475ED1C2B07B800DDBFFC /* EventDetailViewController.swift */; };
		7E5475F01C2B07B800DDBFFC /* EventDetailViewController.xib in Resources */ = {isa = PBXBuildFile; fileRef = 7E5475EE1C2B07B800DDBFFC /* EventDetailViewController.xib */; };
		7E5475F21C2B085800DDBFFC /* Event.swift in Sources */ = {isa = PBXBuildFile; fileRef = 7E5475F11C2B085800DDBFFC /* Event.swift */; };
		7E5475F41C2B0A1500DDBFFC /* EventClient.swift in Sources */ = {isa = PBXBuildFile; fileRef = 7E5475F31C2B0A1500DDBFFC /* EventClient.swift */; };
		7EDA43DB1C87AE9700A6FCF2 /* GD.framework in Frameworks */ = {isa = PBXBuildFile; fileRef = 7EDA43DA1C87AE9700A6FCF2 /* GD.framework */; };
		7EDA43DF1C87BE4600A6FCF2 /* GDAssets.bundle in Resources */ = {isa = PBXBuildFile; fileRef = 7EDA43DE1C87BE4600A6FCF2 /* GDAssets.bundle */; };
/* End PBXBuildFile section */

/* Begin PBXContainerItemProxy section */
		7E410DB01C2B021600E0E0D4 /* PBXContainerItemProxy */ = {
			isa = PBXContainerItemProxy;
			containerPortal = 7E410D931C2B021600E0E0D4 /* Project object */;
			proxyType = 1;
			remoteGlobalIDString = 7E410D9A1C2B021600E0E0D4;
			remoteInfo = TravisTest;
		};
/* End PBXContainerItemProxy section */

/* Begin PBXFileReference section */
		7E410D9B1C2B021600E0E0D4 /* TravisTest.app */ = {isa = PBXFileReference; explicitFileType = wrapper.application; includeInIndex = 0; path = TravisTest.app; sourceTree = BUILT_PRODUCTS_DIR; };
		7E410D9E1C2B021600E0E0D4 /* AppDelegate.swift */ = {isa = PBXFileReference; lastKnownFileType = sourcecode.swift; path = AppDelegate.swift; sourceTree = "<group>"; };
		7E410DA51C2B021600E0E0D4 /* Assets.xcassets */ = {isa = PBXFileReference; lastKnownFileType = folder.assetcatalog; path = Assets.xcassets; sourceTree = "<group>"; };
		7E410DA81C2B021600E0E0D4 /* Base */ = {isa = PBXFileReference; lastKnownFileType = file.storyboard; name = Base; path = Base.lproj/LaunchScreen.storyboard; sourceTree = "<group>"; };
		7E410DAA1C2B021600E0E0D4 /* Info.plist */ = {isa = PBXFileReference; lastKnownFileType = text.plist.xml; path = Info.plist; sourceTree = "<group>"; };
		7E410DAF1C2B021600E0E0D4 /* TravisTestTests.xctest */ = {isa = PBXFileReference; explicitFileType = wrapper.cfbundle; includeInIndex = 0; path = TravisTestTests.xctest; sourceTree = BUILT_PRODUCTS_DIR; };
		7E410DB31C2B021600E0E0D4 /* TravisTestTests.swift */ = {isa = PBXFileReference; lastKnownFileType = sourcecode.swift; path = TravisTestTests.swift; sourceTree = "<group>"; };
		7E410DB51C2B021600E0E0D4 /* Info.plist */ = {isa = PBXFileReference; lastKnownFileType = text.plist.xml; path = Info.plist; sourceTree = "<group>"; };
		7E410DBE1C2B032900E0E0D4 /* EventsViewController.swift */ = {isa = PBXFileReference; fileEncoding = 4; lastKnownFileType = sourcecode.swift; path = EventsViewController.swift; sourceTree = "<group>"; };
		7E410DBF1C2B032900E0E0D4 /* EventsViewController.xib */ = {isa = PBXFileReference; fileEncoding = 4; lastKnownFileType = file.xib; path = EventsViewController.xib; sourceTree = "<group>"; };
		7E410DC21C2B05F800E0E0D4 /* EventCell.swift */ = {isa = PBXFileReference; fileEncoding = 4; lastKnownFileType = sourcecode.swift; path = EventCell.swift; sourceTree = "<group>"; };
		7E410DC31C2B05F800E0E0D4 /* EventCell.xib */ = {isa = PBXFileReference; fileEncoding = 4; lastKnownFileType = file.xib; path = EventCell.xib; sourceTree = "<group>"; };
		7E5475ED1C2B07B800DDBFFC /* EventDetailViewController.swift */ = {isa = PBXFileReference; fileEncoding = 4; lastKnownFileType = sourcecode.swift; path = EventDetailViewController.swift; sourceTree = "<group>"; };
		7E5475EE1C2B07B800DDBFFC /* EventDetailViewController.xib */ = {isa = PBXFileReference; fileEncoding = 4; lastKnownFileType = file.xib; path = EventDetailViewController.xib; sourceTree = "<group>"; };
		7E5475F11C2B085800DDBFFC /* Event.swift */ = {isa = PBXFileReference; fileEncoding = 4; lastKnownFileType = sourcecode.swift; path = Event.swift; sourceTree = "<group>"; };
		7E5475F31C2B0A1500DDBFFC /* EventClient.swift */ = {isa = PBXFileReference; fileEncoding = 4; lastKnownFileType = sourcecode.swift; path = EventClient.swift; sourceTree = "<group>"; };
		7EDA43DA1C87AE9700A6FCF2 /* GD.framework */ = {isa = PBXFileReference; lastKnownFileType = wrapper.framework; name = GD.framework; path = System/Library/Frameworks/GD.framework; sourceTree = SDKROOT; };
		7EDA43DD1C87B90D00A6FCF2 /* default.xcconfig */ = {isa = PBXFileReference; lastKnownFileType = text.xcconfig; path = default.xcconfig; sourceTree = "<group>"; };
		7EDA43DE1C87BE4600A6FCF2 /* GDAssets.bundle */ = {isa = PBXFileReference; lastKnownFileType = "wrapper.plug-in"; path = GDAssets.bundle; sourceTree = "<group>"; };
/* End PBXFileReference section */

/* Begin PBXFrameworksBuildPhase section */
		7E410D981C2B021600E0E0D4 /* Frameworks */ = {
			isa = PBXFrameworksBuildPhase;
			buildActionMask = 2147483647;
			files = (
				7EDA43DB1C87AE9700A6FCF2 /* GD.framework in Frameworks */,
			);
			runOnlyForDeploymentPostprocessing = 0;
		};
		7E410DAC1C2B021600E0E0D4 /* Frameworks */ = {
			isa = PBXFrameworksBuildPhase;
			buildActionMask = 2147483647;
			files = (
			);
			runOnlyForDeploymentPostprocessing = 0;
		};
/* End PBXFrameworksBuildPhase section */

/* Begin PBXGroup section */
		7E410D921C2B021600E0E0D4 = {
			isa = PBXGroup;
			children = (
				7E410D9D1C2B021600E0E0D4 /* TravisTest */,
				7E410DB21C2B021600E0E0D4 /* TravisTestTests */,
				7E410D9C1C2B021600E0E0D4 /* Products */,
				7EDA43DC1C87AEA300A6FCF2 /* Frameworks */,
			);
			sourceTree = "<group>";
		};
		7E410D9C1C2B021600E0E0D4 /* Products */ = {
			isa = PBXGroup;
			children = (
				7E410D9B1C2B021600E0E0D4 /* TravisTest.app */,
				7E410DAF1C2B021600E0E0D4 /* TravisTestTests.xctest */,
			);
			name = Products;
			sourceTree = "<group>";
		};
		7E410D9D1C2B021600E0E0D4 /* TravisTest */ = {
			isa = PBXGroup;
			children = (
				7E410D9E1C2B021600E0E0D4 /* AppDelegate.swift */,
				7E410DA51C2B021600E0E0D4 /* Assets.xcassets */,
				7E410DA71C2B021600E0E0D4 /* LaunchScreen.storyboard */,
				7E410DAA1C2B021600E0E0D4 /* Info.plist */,
				7E410DBE1C2B032900E0E0D4 /* EventsViewController.swift */,
				7E410DBF1C2B032900E0E0D4 /* EventsViewController.xib */,
				7E410DC21C2B05F800E0E0D4 /* EventCell.swift */,
				7E410DC31C2B05F800E0E0D4 /* EventCell.xib */,
				7E5475ED1C2B07B800DDBFFC /* EventDetailViewController.swift */,
				7E5475EE1C2B07B800DDBFFC /* EventDetailViewController.xib */,
				7E5475F11C2B085800DDBFFC /* Event.swift */,
				7E5475F31C2B0A1500DDBFFC /* EventClient.swift */,
				7EDA43DD1C87B90D00A6FCF2 /* default.xcconfig */,
				7EDA43DE1C87BE4600A6FCF2 /* GDAssets.bundle */,
			);
			path = TravisTest;
			sourceTree = "<group>";
		};
		7E410DB21C2B021600E0E0D4 /* TravisTestTests */ = {
			isa = PBXGroup;
			children = (
				7E410DB31C2B021600E0E0D4 /* TravisTestTests.swift */,
				7E410DB51C2B021600E0E0D4 /* Info.plist */,
			);
			path = TravisTestTests;
			sourceTree = "<group>";
		};
		7EDA43DC1C87AEA300A6FCF2 /* Frameworks */ = {
			isa = PBXGroup;
			children = (
				7EDA43DA1C87AE9700A6FCF2 /* GD.framework */,
			);
			name = Frameworks;
			sourceTree = "<group>";
		};
/* End PBXGroup section */

/* Begin PBXNativeTarget section */
		7E410D9A1C2B021600E0E0D4 /* TravisTest */ = {
			isa = PBXNativeTarget;
			buildConfigurationList = 7E410DB81C2B021600E0E0D4 /* Build configuration list for PBXNativeTarget "TravisTest" */;
			buildPhases = (
				7E410D971C2B021600E0E0D4 /* Sources */,
				7E410D981C2B021600E0E0D4 /* Frameworks */,
				7E410D991C2B021600E0E0D4 /* Resources */,
			);
			buildRules = (
			);
			dependencies = (
			);
			name = TravisTest;
			productName = TravisTest;
			productReference = 7E410D9B1C2B021600E0E0D4 /* TravisTest.app */;
			productType = "com.apple.product-type.application";
		};
		7E410DAE1C2B021600E0E0D4 /* TravisTestTests */ = {
			isa = PBXNativeTarget;
			buildConfigurationList = 7E410DBB1C2B021600E0E0D4 /* Build configuration list for PBXNativeTarget "TravisTestTests" */;
			buildPhases = (
				7E410DAB1C2B021600E0E0D4 /* Sources */,
				7E410DAC1C2B021600E0E0D4 /* Frameworks */,
				7E410DAD1C2B021600E0E0D4 /* Resources */,
			);
			buildRules = (
			);
			dependencies = (
				7E410DB11C2B021600E0E0D4 /* PBXTargetDependency */,
			);
			name = TravisTestTests;
			productName = TravisTestTests;
			productReference = 7E410DAF1C2B021600E0E0D4 /* TravisTestTests.xctest */;
			productType = "com.apple.product-type.bundle.unit-test";
		};
/* End PBXNativeTarget section */

/* Begin PBXProject section */
		7E410D931C2B021600E0E0D4 /* Project object */ = {
			isa = PBXProject;
			attributes = {
				LastSwiftUpdateCheck = 0720;
				LastUpgradeCheck = 0720;
				ORGANIZATIONNAME = "Michael Updegraff";
				TargetAttributes = {
					7E410D9A1C2B021600E0E0D4 = {
						CreatedOnToolsVersion = 7.2;
						DevelopmentTeam = R296M65L64;
					};
					7E410DAE1C2B021600E0E0D4 = {
						CreatedOnToolsVersion = 7.2;
						TestTargetID = 7E410D9A1C2B021600E0E0D4;
					};
				};
			};
			buildConfigurationList = 7E410D961C2B021600E0E0D4 /* Build configuration list for PBXProject "TravisTest" */;
			compatibilityVersion = "Xcode 3.2";
			developmentRegion = English;
			hasScannedForEncodings = 0;
			knownRegions = (
				en,
				Base,
			);
			mainGroup = 7E410D921C2B021600E0E0D4;
			productRefGroup = 7E410D9C1C2B021600E0E0D4 /* Products */;
			projectDirPath = "";
			projectRoot = "";
			targets = (
				7E410D9A1C2B021600E0E0D4 /* TravisTest */,
				7E410DAE1C2B021600E0E0D4 /* TravisTestTests */,
			);
		};
/* End PBXProject section */

/* Begin PBXResourcesBuildPhase section */
		7E410D991C2B021600E0E0D4 /* Resources */ = {
			isa = PBXResourcesBuildPhase;
			buildActionMask = 2147483647;
			files = (
				7E410DA91C2B021600E0E0D4 /* LaunchScreen.storyboard in Resources */,
				7E410DC11C2B032900E0E0D4 /* EventsViewController.xib in Resources */,
				7E5475F01C2B07B800DDBFFC /* EventDetailViewController.xib in Resources */,
				7E410DA61C2B021600E0E0D4 /* Assets.xcassets in Resources */,
				7E410DC51C2B05F800E0E0D4 /* EventCell.xib in Resources */,
				7EDA43DF1C87BE4600A6FCF2 /* GDAssets.bundle in Resources */,
			);
			runOnlyForDeploymentPostprocessing = 0;
		};
		7E410DAD1C2B021600E0E0D4 /* Resources */ = {
			isa = PBXResourcesBuildPhase;
			buildActionMask = 2147483647;
			files = (
			);
			runOnlyForDeploymentPostprocessing = 0;
		};
/* End PBXResourcesBuildPhase section */

/* Begin PBXSourcesBuildPhase section */
		7E410D971C2B021600E0E0D4 /* Sources */ = {
			isa = PBXSourcesBuildPhase;
			buildActionMask = 2147483647;
			files = (
				7E410D9F1C2B021600E0E0D4 /* AppDelegate.swift in Sources */,
				7E410DC41C2B05F800E0E0D4 /* EventCell.swift in Sources */,
				7E5475EF1C2B07B800DDBFFC /* EventDetailViewController.swift in Sources */,
				7E410DC01C2B032900E0E0D4 /* EventsViewController.swift in Sources */,
				7E5475F21C2B085800DDBFFC /* Event.swift in Sources */,
				7E5475F41C2B0A1500DDBFFC /* EventClient.swift in Sources */,
			);
			runOnlyForDeploymentPostprocessing = 0;
		};
		7E410DAB1C2B021600E0E0D4 /* Sources */ = {
			isa = PBXSourcesBuildPhase;
			buildActionMask = 2147483647;
			files = (
				7E410DB41C2B021600E0E0D4 /* TravisTestTests.swift in Sources */,
			);
			runOnlyForDeploymentPostprocessing = 0;
		};
/* End PBXSourcesBuildPhase section */

/* Begin PBXTargetDependency section */
		7E410DB11C2B021600E0E0D4 /* PBXTargetDependency */ = {
			isa = PBXTargetDependency;
			target = 7E410D9A1C2B021600E0E0D4 /* TravisTest */;
			targetProxy = 7E410DB01C2B021600E0E0D4 /* PBXContainerItemProxy */;
		};
/* End PBXTargetDependency section */

/* Begin PBXVariantGroup section */
		7E410DA71C2B021600E0E0D4 /* LaunchScreen.storyboard */ = {
			isa = PBXVariantGroup;
			children = (
				7E410DA81C2B021600E0E0D4 /* Base */,
			);
			name = LaunchScreen.storyboard;
			sourceTree = "<group>";
		};
/* End PBXVariantGroup section */

/* Begin XCBuildConfiguration section */
		7E410DB61C2B021600E0E0D4 /* Debug */ = {
			isa = XCBuildConfiguration;
			buildSettings = {
				ALWAYS_SEARCH_USER_PATHS = NO;
				CLANG_CXX_LANGUAGE_STANDARD = "gnu++0x";
				CLANG_CXX_LIBRARY = "libc++";
				CLANG_ENABLE_MODULES = YES;
				CLANG_ENABLE_OBJC_ARC = YES;
				CLANG_WARN_BOOL_CONVERSION = YES;
				CLANG_WARN_CONSTANT_CONVERSION = YES;
				CLANG_WARN_DIRECT_OBJC_ISA_USAGE = YES_ERROR;
				CLANG_WARN_EMPTY_BODY = YES;
				CLANG_WARN_ENUM_CONVERSION = YES;
				CLANG_WARN_INT_CONVERSION = YES;
				CLANG_WARN_OBJC_ROOT_CLASS = YES_ERROR;
				CLANG_WARN_UNREACHABLE_CODE = YES;
				CLANG_WARN__DUPLICATE_METHOD_MATCH = YES;
				CODE_SIGN_IDENTITY = "";
				CODE_SIGN_RESOURCE_RULES_PATH = "$(SDKROOT)/ResourceRules.plist";
				COPY_PHASE_STRIP = NO;
				DEBUG_INFORMATION_FORMAT = dwarf;
				ENABLE_STRICT_OBJC_MSGSEND = YES;
				ENABLE_TESTABILITY = YES;
				GCC_C_LANGUAGE_STANDARD = gnu99;
				GCC_DYNAMIC_NO_PIC = NO;
				GCC_NO_COMMON_BLOCKS = YES;
				GCC_OPTIMIZATION_LEVEL = 0;
				GCC_PREPROCESSOR_DEFINITIONS = (
					"DEBUG=1",
					"$(inherited)",
				);
				GCC_WARN_64_TO_32_BIT_CONVERSION = YES;
				GCC_WARN_ABOUT_RETURN_TYPE = YES_ERROR;
				GCC_WARN_UNDECLARED_SELECTOR = YES;
				GCC_WARN_UNINITIALIZED_AUTOS = YES_AGGRESSIVE;
				GCC_WARN_UNUSED_FUNCTION = YES;
				GCC_WARN_UNUSED_VARIABLE = YES;
				IPHONEOS_DEPLOYMENT_TARGET = 9.2;
				MTL_ENABLE_DEBUG_INFO = YES;
				ONLY_ACTIVE_ARCH = YES;
				PRODUCT_NAME = TravisTest;
				PROVISIONING_PROFILE = "";
				SDKROOT = iphoneos;
				SWIFT_OPTIMIZATION_LEVEL = "-Onone";
			};
			name = Debug;
		};
		7E410DB71C2B021600E0E0D4 /* Release */ = {
			isa = XCBuildConfiguration;
			buildSettings = {
				ALWAYS_SEARCH_USER_PATHS = NO;
				CLANG_CXX_LANGUAGE_STANDARD = "gnu++0x";
				CLANG_CXX_LIBRARY = "libc++";
				CLANG_ENABLE_MODULES = YES;
				CLANG_ENABLE_OBJC_ARC = YES;
				CLANG_WARN_BOOL_CONVERSION = YES;
				CLANG_WARN_CONSTANT_CONVERSION = YES;
				CLANG_WARN_DIRECT_OBJC_ISA_USAGE = YES_ERROR;
				CLANG_WARN_EMPTY_BODY = YES;
				CLANG_WARN_ENUM_CONVERSION = YES;
				CLANG_WARN_INT_CONVERSION = YES;
				CLANG_WARN_OBJC_ROOT_CLASS = YES_ERROR;
				CLANG_WARN_UNREACHABLE_CODE = YES;
				CLANG_WARN__DUPLICATE_METHOD_MATCH = YES;
				CODE_SIGN_IDENTITY = "iPhone Distribution: Michael Updegraff (R296M65L64)";
				CODE_SIGN_RESOURCE_RULES_PATH = "$(SDKROOT)/ResourceRules.plist";
				COPY_PHASE_STRIP = NO;
				DEBUG_INFORMATION_FORMAT = "dwarf-with-dsym";
				ENABLE_NS_ASSERTIONS = NO;
				ENABLE_STRICT_OBJC_MSGSEND = YES;
				ENABLE_TESTABILITY = YES;
				GCC_C_LANGUAGE_STANDARD = gnu99;
				GCC_NO_COMMON_BLOCKS = YES;
				GCC_WARN_64_TO_32_BIT_CONVERSION = YES;
				GCC_WARN_ABOUT_RETURN_TYPE = YES_ERROR;
				GCC_WARN_UNDECLARED_SELECTOR = YES;
				GCC_WARN_UNINITIALIZED_AUTOS = YES_AGGRESSIVE;
				GCC_WARN_UNUSED_FUNCTION = YES;
				GCC_WARN_UNUSED_VARIABLE = YES;
				IPHONEOS_DEPLOYMENT_TARGET = 9.2;
				MTL_ENABLE_DEBUG_INFO = NO;
				ONLY_ACTIVE_ARCH = YES;
				PRODUCT_NAME = TravisTest;
				PROVISIONING_PROFILE = "";
				SDKROOT = iphoneos;
				VALIDATE_PRODUCT = YES;
			};
			name = Release;
		};
		7E410DB91C2B021600E0E0D4 /* Debug */ = {
			isa = XCBuildConfiguration;
			baseConfigurationReference = 7EDA43DD1C87B90D00A6FCF2 /* default.xcconfig */;
			buildSettings = {
				ASSETCATALOG_COMPILER_APPICON_NAME = AppIcon;
				CODE_SIGN_IDENTITY = "";
				ENABLE_BITCODE = NO;
				INFOPLIST_FILE = TravisTest/Info.plist;
				IPHONEOS_DEPLOYMENT_TARGET = 9.2;
				LD_RUNPATH_SEARCH_PATHS = "$(inherited) @executable_path/Frameworks";
				OTHER_LDFLAGS = (
					"-lstdc++",
					"-lz",
				);
				PRODUCT_BUNDLE_IDENTIFIER = io.upworks.TravisTest;
				PRODUCT_NAME = "$(TARGET_NAME)";
				PROVISIONING_PROFILE = "bc356fa8-74d7-4bf7-aa96-099ecc05187e";
			};
			name = Debug;
		};
		7E410DBA1C2B021600E0E0D4 /* Release */ = {
			isa = XCBuildConfiguration;
			baseConfigurationReference = 7EDA43DD1C87B90D00A6FCF2 /* default.xcconfig */;
			buildSettings = {
				ASSETCATALOG_COMPILER_APPICON_NAME = AppIcon;
				CODE_SIGN_IDENTITY = "iPhone Distribution: Michael Updegraff (R296M65L64)";
				"CODE_SIGN_IDENTITY[sdk=iphoneos*]" = "iPhone Distribution: Michael Updegraff (R296M65L64)";
				ENABLE_BITCODE = NO;
				INFOPLIST_FILE = TravisTest/Info.plist;
				IPHONEOS_DEPLOYMENT_TARGET = 9.2;
				LD_RUNPATH_SEARCH_PATHS = "$(inherited) @executable_path/Frameworks";
				ONLY_ACTIVE_ARCH = YES;
				"OTHER_CODE_SIGN_FLAGS[sdk=*]" = "";
				OTHER_LDFLAGS = (
					"-lstdc++",
					"-lz",
				);
				PRODUCT_BUNDLE_IDENTIFIER = io.upworks.TravisTest;
				PRODUCT_NAME = "$(TARGET_NAME)";
				PROVISIONING_PROFILE = "bc356fa8-74d7-4bf7-aa96-099ecc05187e";
			};
			name = Release;
		};
		7E410DBC1C2B021600E0E0D4 /* Debug */ = {
			isa = XCBuildConfiguration;
			buildSettings = {
				BUNDLE_LOADER = "$(TEST_HOST)";
				INFOPLIST_FILE = TravisTestTests/Info.plist;
				LD_RUNPATH_SEARCH_PATHS = "$(inherited) @executable_path/Frameworks @loader_path/Frameworks";
				PRODUCT_BUNDLE_IDENTIFIER = io.upworks.TravisTestTests;
				PRODUCT_NAME = "$(TARGET_NAME)";
				TEST_HOST = "$(BUILT_PRODUCTS_DIR)/TravisTest.app/TravisTest";
			};
			name = Debug;
		};
		7E410DBD1C2B021600E0E0D4 /* Release */ = {
			isa = XCBuildConfiguration;
			buildSettings = {
				BUNDLE_LOADER = "$(TEST_HOST)";
				INFOPLIST_FILE = TravisTestTests/Info.plist;
				LD_RUNPATH_SEARCH_PATHS = "$(inherited) @executable_path/Frameworks @loader_path/Frameworks";
				PRODUCT_BUNDLE_IDENTIFIER = io.upworks.TravisTestTests;
				PRODUCT_NAME = "$(TARGET_NAME)";
				TEST_HOST = "$(BUILT_PRODUCTS_DIR)/TravisTest.app/TravisTest";
			};
			name = Release;
		};
/* End XCBuildConfiguration section */

/* Begin XCConfigurationList section */
		7E410D961C2B021600E0E0D4 /* Build configuration list for PBXProject "TravisTest" */ = {
			isa = XCConfigurationList;
			buildConfigurations = (
				7E410DB61C2B021600E0E0D4 /* Debug */,
				7E410DB71C2B021600E0E0D4 /* Release */,
			);
			defaultConfigurationIsVisible = 0;
			defaultConfigurationName = Release;
		};
		7E410DB81C2B021600E0E0D4 /* Build configuration list for PBXNativeTarget "TravisTest" */ = {
			isa = XCConfigurationList;
			buildConfigurations = (
				7E410DB91C2B021600E0E0D4 /* Debug */,
				7E410DBA1C2B021600E0E0D4 /* Release */,
			);
			defaultConfigurationIsVisible = 0;
			defaultConfigurationName = Release;
		};
		7E410DBB1C2B021600E0E0D4 /* Build configuration list for PBXNativeTarget "TravisTestTests" */ = {
			isa = XCConfigurationList;
			buildConfigurations = (
				7E410DBC1C2B021600E0E0D4 /* Debug */,
				7E410DBD1C2B021600E0E0D4 /* Release */,
			);
			defaultConfigurationIsVisible = 0;
			defaultConfigurationName = Release;
		};
/* End XCConfigurationList section */
	};
	rootObject = 7E410D931C2B021600E0E0D4 /* Project object */;
}
